// !$*UTF8*$!
{
	archiveVersion = 1;
	classes = {
	};
	objectVersion = 55;
	objects = {

/* Begin PBXBuildFile section */
		5134B2B697F8E4693ADCE131 /* Pods_Emojis.framework in Frameworks */ = {isa = PBXBuildFile; fileRef = 8546962C73A10F9989B3175A /* Pods_Emojis.framework */; };
		52EA6130DB8EC8D606BCA44E /* Pods_Emojis_EmojisUITests.framework in Frameworks */ = {isa = PBXBuildFile; fileRef = 610B3BFF75E6A627990F4780 /* Pods_Emojis_EmojisUITests.framework */; };
		6FB2C7B6181C8675E14620FB /* Pods_EmojisTests.framework in Frameworks */ = {isa = PBXBuildFile; fileRef = CAA54936C23D1A88A4153A3B /* Pods_EmojisTests.framework */; };
		BE7C041B28F741830094A24A /* AppDelegate.swift in Sources */ = {isa = PBXBuildFile; fileRef = BE7C041A28F741830094A24A /* AppDelegate.swift */; };
		BE7C041F28F741830094A24A /* ViewController.swift in Sources */ = {isa = PBXBuildFile; fileRef = BE7C041E28F741830094A24A /* ViewController.swift */; };
		BE7C042228F741830094A24A /* Main.storyboard in Resources */ = {isa = PBXBuildFile; fileRef = BE7C042028F741830094A24A /* Main.storyboard */; };
		BE7C042528F741830094A24A /* Emojis.xcdatamodeld in Sources */ = {isa = PBXBuildFile; fileRef = BE7C042328F741830094A24A /* Emojis.xcdatamodeld */; };
		BE7C042728F741860094A24A /* Assets.xcassets in Resources */ = {isa = PBXBuildFile; fileRef = BE7C042628F741860094A24A /* Assets.xcassets */; };
		BE7C042A28F741860094A24A /* LaunchScreen.storyboard in Resources */ = {isa = PBXBuildFile; fileRef = BE7C042828F741860094A24A /* LaunchScreen.storyboard */; };
		BE7C043528F741860094A24A /* EmojisTests.swift in Sources */ = {isa = PBXBuildFile; fileRef = BE7C043428F741860094A24A /* EmojisTests.swift */; };
		BE7C043F28F741860094A24A /* EmojisUITests.swift in Sources */ = {isa = PBXBuildFile; fileRef = BE7C043E28F741860094A24A /* EmojisUITests.swift */; };
		BE7C044128F741860094A24A /* EmojisUITestsLaunchTests.swift in Sources */ = {isa = PBXBuildFile; fileRef = BE7C044028F741860094A24A /* EmojisUITestsLaunchTests.swift */; };
		BE7C045D28F74A640094A24A /* BaseCoordinator.swift in Sources */ = {isa = PBXBuildFile; fileRef = BE7C045C28F74A640094A24A /* BaseCoordinator.swift */; };
		BE7C045F292D88160094A24A /* ListEmojisCoordinator.swift in Sources */ = {isa = PBXBuildFile; fileRef = BE7C045E292D88160094A24A /* ListEmojisCoordinator.swift */; };
		BE7C0461292D8A0D0094A24A /* ListEmojisViewController.swift in Sources */ = {isa = PBXBuildFile; fileRef = BE7C0460292D8A0D0094A24A /* ListEmojisViewController.swift */; };
		BE7C0463292D8B960094A24A /* RandomEmojCoordinator.swift in Sources */ = {isa = PBXBuildFile; fileRef = BE7C0462292D8B960094A24A /* RandomEmojCoordinator.swift */; };
		BE7C0465292D8E500094A24A /* DataSource.swift in Sources */ = {isa = PBXBuildFile; fileRef = BE7C0464292D8E500094A24A /* DataSource.swift */; };
		BE7C0468292D8EB50094A24A /* EmojisModel.swift in Sources */ = {isa = PBXBuildFile; fileRef = BE7C0467292D8EB50094A24A /* EmojisModel.swift */; };
		BE7C046A292D93CB0094A24A /* Extensions.swift in Sources */ = {isa = PBXBuildFile; fileRef = BE7C0469292D93CB0094A24A /* Extensions.swift */; };
		BE7C046C292D9D3B0094A24A /* EmojisListService.swift in Sources */ = {isa = PBXBuildFile; fileRef = BE7C046B292D9D3B0094A24A /* EmojisListService.swift */; };
		BE7C046E292D9EEE0094A24A /* EmojisListViewModel.swift in Sources */ = {isa = PBXBuildFile; fileRef = BE7C046D292D9EEE0094A24A /* EmojisListViewModel.swift */; };
		BE7C0475292F14A90094A24A /* MainCoordinator.swift in Sources */ = {isa = PBXBuildFile; fileRef = BE7C0474292F14A90094A24A /* MainCoordinator.swift */; };
		BE7C047E292F15160094A24A /* MainViewController.swift in Sources */ = {isa = PBXBuildFile; fileRef = BE7C047D292F15160094A24A /* MainViewController.swift */; };
		BE7C048229303C340094A24A /* MainViewModel.swift in Sources */ = {isa = PBXBuildFile; fileRef = BE7C048129303C340094A24A /* MainViewModel.swift */; };
		BE7C048429303ED00094A24A /* RandomEmojViewController.swift in Sources */ = {isa = PBXBuildFile; fileRef = BE7C048329303ED00094A24A /* RandomEmojViewController.swift */; };
		BE7C048629303F170094A24A /* RandomViewModel.swift in Sources */ = {isa = PBXBuildFile; fileRef = BE7C048529303F170094A24A /* RandomViewModel.swift */; };
		BE7C048E2931B0DA0094A24A /* AvatarListCoordinator.swift in Sources */ = {isa = PBXBuildFile; fileRef = BE7C048D2931B0DA0094A24A /* AvatarListCoordinator.swift */; };
		BE7C04902931B10A0094A24A /* AvatarListViewController.swift in Sources */ = {isa = PBXBuildFile; fileRef = BE7C048F2931B10A0094A24A /* AvatarListViewController.swift */; };
		BE7C04922931B1410094A24A /* AvatarListViewModel.swift in Sources */ = {isa = PBXBuildFile; fileRef = BE7C04912931B1410094A24A /* AvatarListViewModel.swift */; };
		BE7C049C2931B6490094A24A /* ReposCoordinator.swift in Sources */ = {isa = PBXBuildFile; fileRef = BE7C049B2931B6490094A24A /* ReposCoordinator.swift */; };
		BE7C049E2931B6590094A24A /* ReposViewController.swift in Sources */ = {isa = PBXBuildFile; fileRef = BE7C049D2931B6590094A24A /* ReposViewController.swift */; };
		BE7C04A02931B6740094A24A /* ReposViewModel.swift in Sources */ = {isa = PBXBuildFile; fileRef = BE7C049F2931B6740094A24A /* ReposViewModel.swift */; };
/* End PBXBuildFile section */

/* Begin PBXContainerItemProxy section */
		BE7C043128F741860094A24A /* PBXContainerItemProxy */ = {
			isa = PBXContainerItemProxy;
			containerPortal = BE7C040F28F741830094A24A /* Project object */;
			proxyType = 1;
			remoteGlobalIDString = BE7C041628F741830094A24A;
			remoteInfo = Emojis;
		};
		BE7C043B28F741860094A24A /* PBXContainerItemProxy */ = {
			isa = PBXContainerItemProxy;
			containerPortal = BE7C040F28F741830094A24A /* Project object */;
			proxyType = 1;
			remoteGlobalIDString = BE7C041628F741830094A24A;
			remoteInfo = Emojis;
		};
/* End PBXContainerItemProxy section */

/* Begin PBXFileReference section */
		030707E18BBC30580AAEA77E /* Pods-Emojis-EmojisUITests.debug.xcconfig */ = {isa = PBXFileReference; includeInIndex = 1; lastKnownFileType = text.xcconfig; name = "Pods-Emojis-EmojisUITests.debug.xcconfig"; path = "Target Support Files/Pods-Emojis-EmojisUITests/Pods-Emojis-EmojisUITests.debug.xcconfig"; sourceTree = "<group>"; };
		23A9942FE52D08189BEF45FA /* Pods-Emojis.release.xcconfig */ = {isa = PBXFileReference; includeInIndex = 1; lastKnownFileType = text.xcconfig; name = "Pods-Emojis.release.xcconfig"; path = "Target Support Files/Pods-Emojis/Pods-Emojis.release.xcconfig"; sourceTree = "<group>"; };
		610B3BFF75E6A627990F4780 /* Pods_Emojis_EmojisUITests.framework */ = {isa = PBXFileReference; explicitFileType = wrapper.framework; includeInIndex = 0; path = Pods_Emojis_EmojisUITests.framework; sourceTree = BUILT_PRODUCTS_DIR; };
		8546962C73A10F9989B3175A /* Pods_Emojis.framework */ = {isa = PBXFileReference; explicitFileType = wrapper.framework; includeInIndex = 0; path = Pods_Emojis.framework; sourceTree = BUILT_PRODUCTS_DIR; };
		87E62F2F36B8DF8070ECC16E /* Pods-Emojis-EmojisUITests.release.xcconfig */ = {isa = PBXFileReference; includeInIndex = 1; lastKnownFileType = text.xcconfig; name = "Pods-Emojis-EmojisUITests.release.xcconfig"; path = "Target Support Files/Pods-Emojis-EmojisUITests/Pods-Emojis-EmojisUITests.release.xcconfig"; sourceTree = "<group>"; };
		AE16B367B2A167E442E23FF4 /* Pods-Emojis.debug.xcconfig */ = {isa = PBXFileReference; includeInIndex = 1; lastKnownFileType = text.xcconfig; name = "Pods-Emojis.debug.xcconfig"; path = "Target Support Files/Pods-Emojis/Pods-Emojis.debug.xcconfig"; sourceTree = "<group>"; };
		B766594265A2335152627AD2 /* Pods-EmojisTests.debug.xcconfig */ = {isa = PBXFileReference; includeInIndex = 1; lastKnownFileType = text.xcconfig; name = "Pods-EmojisTests.debug.xcconfig"; path = "Target Support Files/Pods-EmojisTests/Pods-EmojisTests.debug.xcconfig"; sourceTree = "<group>"; };
		BE7C041728F741830094A24A /* Emojis.app */ = {isa = PBXFileReference; explicitFileType = wrapper.application; includeInIndex = 0; path = Emojis.app; sourceTree = BUILT_PRODUCTS_DIR; };
		BE7C041A28F741830094A24A /* AppDelegate.swift */ = {isa = PBXFileReference; lastKnownFileType = sourcecode.swift; path = AppDelegate.swift; sourceTree = "<group>"; };
		BE7C041E28F741830094A24A /* ViewController.swift */ = {isa = PBXFileReference; lastKnownFileType = sourcecode.swift; path = ViewController.swift; sourceTree = "<group>"; };
		BE7C042128F741830094A24A /* Base */ = {isa = PBXFileReference; lastKnownFileType = file.storyboard; name = Base; path = Base.lproj/Main.storyboard; sourceTree = "<group>"; };
		BE7C042428F741830094A24A /* Emojis.xcdatamodel */ = {isa = PBXFileReference; lastKnownFileType = wrapper.xcdatamodel; path = Emojis.xcdatamodel; sourceTree = "<group>"; };
		BE7C042628F741860094A24A /* Assets.xcassets */ = {isa = PBXFileReference; lastKnownFileType = folder.assetcatalog; path = Assets.xcassets; sourceTree = "<group>"; };
		BE7C042928F741860094A24A /* Base */ = {isa = PBXFileReference; lastKnownFileType = file.storyboard; name = Base; path = Base.lproj/LaunchScreen.storyboard; sourceTree = "<group>"; };
		BE7C042B28F741860094A24A /* Info.plist */ = {isa = PBXFileReference; lastKnownFileType = text.plist.xml; path = Info.plist; sourceTree = "<group>"; };
		BE7C043028F741860094A24A /* EmojisTests.xctest */ = {isa = PBXFileReference; explicitFileType = wrapper.cfbundle; includeInIndex = 0; path = EmojisTests.xctest; sourceTree = BUILT_PRODUCTS_DIR; };
		BE7C043428F741860094A24A /* EmojisTests.swift */ = {isa = PBXFileReference; lastKnownFileType = sourcecode.swift; path = EmojisTests.swift; sourceTree = "<group>"; };
		BE7C043A28F741860094A24A /* EmojisUITests.xctest */ = {isa = PBXFileReference; explicitFileType = wrapper.cfbundle; includeInIndex = 0; path = EmojisUITests.xctest; sourceTree = BUILT_PRODUCTS_DIR; };
		BE7C043E28F741860094A24A /* EmojisUITests.swift */ = {isa = PBXFileReference; lastKnownFileType = sourcecode.swift; path = EmojisUITests.swift; sourceTree = "<group>"; };
		BE7C044028F741860094A24A /* EmojisUITestsLaunchTests.swift */ = {isa = PBXFileReference; lastKnownFileType = sourcecode.swift; path = EmojisUITestsLaunchTests.swift; sourceTree = "<group>"; };
		BE7C045C28F74A640094A24A /* BaseCoordinator.swift */ = {isa = PBXFileReference; lastKnownFileType = sourcecode.swift; path = BaseCoordinator.swift; sourceTree = "<group>"; };
		BE7C045E292D88160094A24A /* ListEmojisCoordinator.swift */ = {isa = PBXFileReference; lastKnownFileType = sourcecode.swift; path = ListEmojisCoordinator.swift; sourceTree = "<group>"; };
		BE7C0460292D8A0D0094A24A /* ListEmojisViewController.swift */ = {isa = PBXFileReference; lastKnownFileType = sourcecode.swift; path = ListEmojisViewController.swift; sourceTree = "<group>"; };
		BE7C0462292D8B960094A24A /* RandomEmojCoordinator.swift */ = {isa = PBXFileReference; lastKnownFileType = sourcecode.swift; path = RandomEmojCoordinator.swift; sourceTree = "<group>"; };
		BE7C0464292D8E500094A24A /* DataSource.swift */ = {isa = PBXFileReference; lastKnownFileType = sourcecode.swift; path = DataSource.swift; sourceTree = "<group>"; };
		BE7C0467292D8EB50094A24A /* EmojisModel.swift */ = {isa = PBXFileReference; lastKnownFileType = sourcecode.swift; path = EmojisModel.swift; sourceTree = "<group>"; };
		BE7C0469292D93CB0094A24A /* Extensions.swift */ = {isa = PBXFileReference; lastKnownFileType = sourcecode.swift; path = Extensions.swift; sourceTree = "<group>"; };
		BE7C046B292D9D3B0094A24A /* EmojisListService.swift */ = {isa = PBXFileReference; lastKnownFileType = sourcecode.swift; path = EmojisListService.swift; sourceTree = "<group>"; };
		BE7C046D292D9EEE0094A24A /* EmojisListViewModel.swift */ = {isa = PBXFileReference; lastKnownFileType = sourcecode.swift; path = EmojisListViewModel.swift; sourceTree = "<group>"; };
		BE7C0474292F14A90094A24A /* MainCoordinator.swift */ = {isa = PBXFileReference; lastKnownFileType = sourcecode.swift; path = MainCoordinator.swift; sourceTree = "<group>"; };
		BE7C047D292F15160094A24A /* MainViewController.swift */ = {isa = PBXFileReference; lastKnownFileType = sourcecode.swift; path = MainViewController.swift; sourceTree = "<group>"; };
		BE7C048129303C340094A24A /* MainViewModel.swift */ = {isa = PBXFileReference; lastKnownFileType = sourcecode.swift; path = MainViewModel.swift; sourceTree = "<group>"; };
		BE7C048329303ED00094A24A /* RandomEmojViewController.swift */ = {isa = PBXFileReference; lastKnownFileType = sourcecode.swift; path = RandomEmojViewController.swift; sourceTree = "<group>"; };
		BE7C048529303F170094A24A /* RandomViewModel.swift */ = {isa = PBXFileReference; lastKnownFileType = sourcecode.swift; path = RandomViewModel.swift; sourceTree = "<group>"; };
		BE7C048D2931B0DA0094A24A /* AvatarListCoordinator.swift */ = {isa = PBXFileReference; lastKnownFileType = sourcecode.swift; path = AvatarListCoordinator.swift; sourceTree = "<group>"; };
		BE7C048F2931B10A0094A24A /* AvatarListViewController.swift */ = {isa = PBXFileReference; lastKnownFileType = sourcecode.swift; path = AvatarListViewController.swift; sourceTree = "<group>"; };
		BE7C04912931B1410094A24A /* AvatarListViewModel.swift */ = {isa = PBXFileReference; lastKnownFileType = sourcecode.swift; path = AvatarListViewModel.swift; sourceTree = "<group>"; };
		BE7C049B2931B6490094A24A /* ReposCoordinator.swift */ = {isa = PBXFileReference; lastKnownFileType = sourcecode.swift; path = ReposCoordinator.swift; sourceTree = "<group>"; };
		BE7C049D2931B6590094A24A /* ReposViewController.swift */ = {isa = PBXFileReference; lastKnownFileType = sourcecode.swift; path = ReposViewController.swift; sourceTree = "<group>"; };
		BE7C049F2931B6740094A24A /* ReposViewModel.swift */ = {isa = PBXFileReference; lastKnownFileType = sourcecode.swift; path = ReposViewModel.swift; sourceTree = "<group>"; };
		CAA54936C23D1A88A4153A3B /* Pods_EmojisTests.framework */ = {isa = PBXFileReference; explicitFileType = wrapper.framework; includeInIndex = 0; path = Pods_EmojisTests.framework; sourceTree = BUILT_PRODUCTS_DIR; };
		F6110BABBBA889411B0043B0 /* Pods-EmojisTests.release.xcconfig */ = {isa = PBXFileReference; includeInIndex = 1; lastKnownFileType = text.xcconfig; name = "Pods-EmojisTests.release.xcconfig"; path = "Target Support Files/Pods-EmojisTests/Pods-EmojisTests.release.xcconfig"; sourceTree = "<group>"; };
/* End PBXFileReference section */

/* Begin PBXFrameworksBuildPhase section */
		BE7C041428F741830094A24A /* Frameworks */ = {
			isa = PBXFrameworksBuildPhase;
			buildActionMask = 2147483647;
			files = (
				5134B2B697F8E4693ADCE131 /* Pods_Emojis.framework in Frameworks */,
			);
			runOnlyForDeploymentPostprocessing = 0;
		};
		BE7C042D28F741860094A24A /* Frameworks */ = {
			isa = PBXFrameworksBuildPhase;
			buildActionMask = 2147483647;
			files = (
				6FB2C7B6181C8675E14620FB /* Pods_EmojisTests.framework in Frameworks */,
			);
			runOnlyForDeploymentPostprocessing = 0;
		};
		BE7C043728F741860094A24A /* Frameworks */ = {
			isa = PBXFrameworksBuildPhase;
			buildActionMask = 2147483647;
			files = (
				52EA6130DB8EC8D606BCA44E /* Pods_Emojis_EmojisUITests.framework in Frameworks */,
			);
			runOnlyForDeploymentPostprocessing = 0;
		};
/* End PBXFrameworksBuildPhase section */

/* Begin PBXGroup section */
		BE7C040E28F741830094A24A = {
			isa = PBXGroup;
			children = (
				BE7C041928F741830094A24A /* Emojis */,
				BE7C043328F741860094A24A /* EmojisTests */,
				BE7C043D28F741860094A24A /* EmojisUITests */,
				BE7C041828F741830094A24A /* Products */,
				C20160DD7496E3C9F8F25DEB /* Pods */,
				FA0E8CDCFDFC16AF47A80AF5 /* Frameworks */,
			);
			sourceTree = "<group>";
		};
		BE7C041828F741830094A24A /* Products */ = {
			isa = PBXGroup;
			children = (
				BE7C041728F741830094A24A /* Emojis.app */,
				BE7C043028F741860094A24A /* EmojisTests.xctest */,
				BE7C043A28F741860094A24A /* EmojisUITests.xctest */,
			);
			name = Products;
			sourceTree = "<group>";
		};
		BE7C041928F741830094A24A /* Emojis */ = {
			isa = PBXGroup;
			children = (
				BE7C045B28F74A460094A24A /* BaseCoordinator */,
				BE7C044E28F747E40094A24A /* Shared */,
				BE7C044D28F747D70094A24A /* Scenes */,
				BE7C041A28F741830094A24A /* AppDelegate.swift */,
				BE7C041E28F741830094A24A /* ViewController.swift */,
				BE7C042028F741830094A24A /* Main.storyboard */,
				BE7C042628F741860094A24A /* Assets.xcassets */,
				BE7C042828F741860094A24A /* LaunchScreen.storyboard */,
				BE7C042B28F741860094A24A /* Info.plist */,
				BE7C042328F741830094A24A /* Emojis.xcdatamodeld */,
			);
			path = Emojis;
			sourceTree = "<group>";
		};
		BE7C043328F741860094A24A /* EmojisTests */ = {
			isa = PBXGroup;
			children = (
				BE7C043428F741860094A24A /* EmojisTests.swift */,
			);
			path = EmojisTests;
			sourceTree = "<group>";
		};
		BE7C043D28F741860094A24A /* EmojisUITests */ = {
			isa = PBXGroup;
			children = (
				BE7C043E28F741860094A24A /* EmojisUITests.swift */,
				BE7C044028F741860094A24A /* EmojisUITestsLaunchTests.swift */,
			);
			path = EmojisUITests;
			sourceTree = "<group>";
		};
		BE7C044D28F747D70094A24A /* Scenes */ = {
			isa = PBXGroup;
			children = (
				BE7C04942931B5F10094A24A /* Repos */,
				BE7C04872931B05C0094A24A /* AvatarList */,
				BE7C0471292F14530094A24A /* MainScene */,
				BE7C045628F749F10094A24A /* RandomEmoj */,
				BE7C044F28F7491C0094A24A /* EmojisList */,
			);
			name = Scenes;
			sourceTree = "<group>";
		};
		BE7C044E28F747E40094A24A /* Shared */ = {
			isa = PBXGroup;
			children = (
				BE7C0466292D8EA40094A24A /* Model */,
				BE7C0464292D8E500094A24A /* DataSource.swift */,
				BE7C0469292D93CB0094A24A /* Extensions.swift */,
			);
			path = Shared;
			sourceTree = "<group>";
		};
		BE7C044F28F7491C0094A24A /* EmojisList */ = {
			isa = PBXGroup;
			children = (
				BE7C045428F749580094A24A /* Coordinator */,
				BE7C045328F7494E0094A24A /* ViewModel */,
				BE7C045228F749480094A24A /* Service */,
				BE7C045028F7492A0094A24A /* View */,
			);
			path = EmojisList;
			sourceTree = "<group>";
		};
		BE7C045028F7492A0094A24A /* View */ = {
			isa = PBXGroup;
			children = (
				BE7C0460292D8A0D0094A24A /* ListEmojisViewController.swift */,
			);
			name = View;
			sourceTree = "<group>";
		};
		BE7C045228F749480094A24A /* Service */ = {
			isa = PBXGroup;
			children = (
				BE7C046B292D9D3B0094A24A /* EmojisListService.swift */,
			);
			path = Service;
			sourceTree = "<group>";
		};
		BE7C045328F7494E0094A24A /* ViewModel */ = {
			isa = PBXGroup;
			children = (
				BE7C046D292D9EEE0094A24A /* EmojisListViewModel.swift */,
			);
			name = ViewModel;
			sourceTree = "<group>";
		};
		BE7C045428F749580094A24A /* Coordinator */ = {
			isa = PBXGroup;
			children = (
				BE7C045E292D88160094A24A /* ListEmojisCoordinator.swift */,
			);
			path = Coordinator;
			sourceTree = "<group>";
		};
		BE7C045628F749F10094A24A /* RandomEmoj */ = {
			isa = PBXGroup;
			children = (
				BE7C045A28F74A170094A24A /* View */,
				BE7C045928F74A120094A24A /* Service */,
				BE7C045828F74A090094A24A /* ViewModel */,
				BE7C045728F74A020094A24A /* Coordinator */,
			);
			name = RandomEmoj;
			sourceTree = "<group>";
		};
		BE7C045728F74A020094A24A /* Coordinator */ = {
			isa = PBXGroup;
			children = (
				BE7C0462292D8B960094A24A /* RandomEmojCoordinator.swift */,
			);
			path = Coordinator;
			sourceTree = "<group>";
		};
		BE7C045828F74A090094A24A /* ViewModel */ = {
			isa = PBXGroup;
			children = (
				BE7C048529303F170094A24A /* RandomViewModel.swift */,
			);
			name = ViewModel;
			sourceTree = "<group>";
		};
		BE7C045928F74A120094A24A /* Service */ = {
			isa = PBXGroup;
			children = (
			);
			name = Service;
			sourceTree = "<group>";
		};
		BE7C045A28F74A170094A24A /* View */ = {
			isa = PBXGroup;
			children = (
				BE7C048329303ED00094A24A /* RandomEmojViewController.swift */,
			);
			path = View;
			sourceTree = "<group>";
		};
		BE7C045B28F74A460094A24A /* BaseCoordinator */ = {
			isa = PBXGroup;
			children = (
				BE7C045C28F74A640094A24A /* BaseCoordinator.swift */,
			);
			name = BaseCoordinator;
			sourceTree = "<group>";
		};
		BE7C0466292D8EA40094A24A /* Model */ = {
			isa = PBXGroup;
			children = (
				BE7C0467292D8EB50094A24A /* EmojisModel.swift */,
			);
			name = Model;
			sourceTree = "<group>";
		};
		BE7C0471292F14530094A24A /* MainScene */ = {
			isa = PBXGroup;
			children = (
				BE7C048029303C220094A24A /* ViewModel */,
				BE7C047A292F14ED0094A24A /* View */,
				BE7C0478292F14D20094A24A /* Coordinator */,
			);
			name = MainScene;
			sourceTree = "<group>";
		};
		BE7C0478292F14D20094A24A /* Coordinator */ = {
			isa = PBXGroup;
			children = (
				BE7C0474292F14A90094A24A /* MainCoordinator.swift */,
			);
			name = Coordinator;
			sourceTree = "<group>";
		};
		BE7C047A292F14ED0094A24A /* View */ = {
			isa = PBXGroup;
			children = (
				BE7C047D292F15160094A24A /* MainViewController.swift */,
			);
			name = View;
			sourceTree = "<group>";
		};
		BE7C048029303C220094A24A /* ViewModel */ = {
			isa = PBXGroup;
			children = (
				BE7C048129303C340094A24A /* MainViewModel.swift */,
			);
			path = ViewModel;
			sourceTree = "<group>";
		};
		BE7C04872931B05C0094A24A /* AvatarList */ = {
			isa = PBXGroup;
			children = (
				BE7C048C2931B0AF0094A24A /* ViewModel */,
				BE7C048B2931B0A40094A24A /* Service */,
				BE7C048A2931B09D0094A24A /* View */,
				BE7C04892931B0970094A24A /* Coordinator */,
			);
			path = AvatarList;
			sourceTree = "<group>";
		};
		BE7C04892931B0970094A24A /* Coordinator */ = {
			isa = PBXGroup;
			children = (
				BE7C048D2931B0DA0094A24A /* AvatarListCoordinator.swift */,
			);
			name = Coordinator;
			sourceTree = "<group>";
		};
		BE7C048A2931B09D0094A24A /* View */ = {
			isa = PBXGroup;
			children = (
				BE7C048F2931B10A0094A24A /* AvatarListViewController.swift */,
			);
			path = View;
			sourceTree = "<group>";
		};
		BE7C048B2931B0A40094A24A /* Service */ = {
			isa = PBXGroup;
			children = (
			);
			name = Service;
			sourceTree = "<group>";
		};
		BE7C048C2931B0AF0094A24A /* ViewModel */ = {
			isa = PBXGroup;
			children = (
				BE7C04912931B1410094A24A /* AvatarListViewModel.swift */,
			);
			path = ViewModel;
			sourceTree = "<group>";
		};
		BE7C04942931B5F10094A24A /* Repos */ = {
			isa = PBXGroup;
			children = (
				BE7C049A2931B6230094A24A /* Services */,
				BE7C04992931B61B0094A24A /* ViewModel */,
				BE7C04982931B6140094A24A /* View */,
				BE7C04972931B60C0094A24A /* Coordinator */,
			);
			name = Repos;
			sourceTree = "<group>";
		};
		BE7C04972931B60C0094A24A /* Coordinator */ = {
			isa = PBXGroup;
			children = (
				BE7C049B2931B6490094A24A /* ReposCoordinator.swift */,
			);
			name = Coordinator;
			sourceTree = "<group>";
		};
		BE7C04982931B6140094A24A /* View */ = {
			isa = PBXGroup;
			children = (
				BE7C049D2931B6590094A24A /* ReposViewController.swift */,
			);
			name = View;
			sourceTree = "<group>";
		};
		BE7C04992931B61B0094A24A /* ViewModel */ = {
			isa = PBXGroup;
			children = (
				BE7C049F2931B6740094A24A /* ReposViewModel.swift */,
			);
			name = ViewModel;
			sourceTree = "<group>";
		};
		BE7C049A2931B6230094A24A /* Services */ = {
			isa = PBXGroup;
			children = (
			);
			path = Services;
			sourceTree = "<group>";
		};
		C20160DD7496E3C9F8F25DEB /* Pods */ = {
			isa = PBXGroup;
			children = (
				AE16B367B2A167E442E23FF4 /* Pods-Emojis.debug.xcconfig */,
				23A9942FE52D08189BEF45FA /* Pods-Emojis.release.xcconfig */,
				030707E18BBC30580AAEA77E /* Pods-Emojis-EmojisUITests.debug.xcconfig */,
				87E62F2F36B8DF8070ECC16E /* Pods-Emojis-EmojisUITests.release.xcconfig */,
				B766594265A2335152627AD2 /* Pods-EmojisTests.debug.xcconfig */,
				F6110BABBBA889411B0043B0 /* Pods-EmojisTests.release.xcconfig */,
			);
			path = Pods;
			sourceTree = "<group>";
		};
		FA0E8CDCFDFC16AF47A80AF5 /* Frameworks */ = {
			isa = PBXGroup;
			children = (
				8546962C73A10F9989B3175A /* Pods_Emojis.framework */,
				610B3BFF75E6A627990F4780 /* Pods_Emojis_EmojisUITests.framework */,
				CAA54936C23D1A88A4153A3B /* Pods_EmojisTests.framework */,
			);
			name = Frameworks;
			sourceTree = "<group>";
		};
/* End PBXGroup section */

/* Begin PBXNativeTarget section */
		BE7C041628F741830094A24A /* Emojis */ = {
			isa = PBXNativeTarget;
			buildConfigurationList = BE7C044428F741860094A24A /* Build configuration list for PBXNativeTarget "Emojis" */;
			buildPhases = (
				F4E7F4EF4F22EFAC83C09B37 /* [CP] Check Pods Manifest.lock */,
				BE7C041328F741830094A24A /* Sources */,
				BE7C041428F741830094A24A /* Frameworks */,
				BE7C041528F741830094A24A /* Resources */,
			);
			buildRules = (
			);
			dependencies = (
			);
			name = Emojis;
			productName = Emojis;
			productReference = BE7C041728F741830094A24A /* Emojis.app */;
			productType = "com.apple.product-type.application";
		};
		BE7C042F28F741860094A24A /* EmojisTests */ = {
			isa = PBXNativeTarget;
			buildConfigurationList = BE7C044728F741860094A24A /* Build configuration list for PBXNativeTarget "EmojisTests" */;
			buildPhases = (
				03B0DDC4D9F7EF654463221E /* [CP] Check Pods Manifest.lock */,
				BE7C042C28F741860094A24A /* Sources */,
				BE7C042D28F741860094A24A /* Frameworks */,
				BE7C042E28F741860094A24A /* Resources */,
			);
			buildRules = (
			);
			dependencies = (
				BE7C043228F741860094A24A /* PBXTargetDependency */,
			);
			name = EmojisTests;
			productName = EmojisTests;
			productReference = BE7C043028F741860094A24A /* EmojisTests.xctest */;
			productType = "com.apple.product-type.bundle.unit-test";
		};
		BE7C043928F741860094A24A /* EmojisUITests */ = {
			isa = PBXNativeTarget;
			buildConfigurationList = BE7C044A28F741860094A24A /* Build configuration list for PBXNativeTarget "EmojisUITests" */;
			buildPhases = (
				0C030D4ADBF5F814E5F6A15C /* [CP] Check Pods Manifest.lock */,
				BE7C043628F741860094A24A /* Sources */,
				BE7C043728F741860094A24A /* Frameworks */,
				BE7C043828F741860094A24A /* Resources */,
			);
			buildRules = (
			);
			dependencies = (
				BE7C043C28F741860094A24A /* PBXTargetDependency */,
			);
			name = EmojisUITests;
			productName = EmojisUITests;
			productReference = BE7C043A28F741860094A24A /* EmojisUITests.xctest */;
			productType = "com.apple.product-type.bundle.ui-testing";
		};
/* End PBXNativeTarget section */

/* Begin PBXProject section */
		BE7C040F28F741830094A24A /* Project object */ = {
			isa = PBXProject;
			attributes = {
				BuildIndependentTargetsInParallel = 1;
				LastSwiftUpdateCheck = 1340;
				LastUpgradeCheck = 1340;
				TargetAttributes = {
					BE7C041628F741830094A24A = {
						CreatedOnToolsVersion = 13.4.1;
					};
					BE7C042F28F741860094A24A = {
						CreatedOnToolsVersion = 13.4.1;
						TestTargetID = BE7C041628F741830094A24A;
					};
					BE7C043928F741860094A24A = {
						CreatedOnToolsVersion = 13.4.1;
						TestTargetID = BE7C041628F741830094A24A;
					};
				};
			};
			buildConfigurationList = BE7C041228F741830094A24A /* Build configuration list for PBXProject "Emojis" */;
			compatibilityVersion = "Xcode 13.0";
			developmentRegion = en;
			hasScannedForEncodings = 0;
			knownRegions = (
				en,
				Base,
			);
			mainGroup = BE7C040E28F741830094A24A;
			productRefGroup = BE7C041828F741830094A24A /* Products */;
			projectDirPath = "";
			projectRoot = "";
			targets = (
				BE7C041628F741830094A24A /* Emojis */,
				BE7C042F28F741860094A24A /* EmojisTests */,
				BE7C043928F741860094A24A /* EmojisUITests */,
			);
		};
/* End PBXProject section */

/* Begin PBXResourcesBuildPhase section */
		BE7C041528F741830094A24A /* Resources */ = {
			isa = PBXResourcesBuildPhase;
			buildActionMask = 2147483647;
			files = (
				BE7C042A28F741860094A24A /* LaunchScreen.storyboard in Resources */,
				BE7C042728F741860094A24A /* Assets.xcassets in Resources */,
				BE7C042228F741830094A24A /* Main.storyboard in Resources */,
			);
			runOnlyForDeploymentPostprocessing = 0;
		};
		BE7C042E28F741860094A24A /* Resources */ = {
			isa = PBXResourcesBuildPhase;
			buildActionMask = 2147483647;
			files = (
			);
			runOnlyForDeploymentPostprocessing = 0;
		};
		BE7C043828F741860094A24A /* Resources */ = {
			isa = PBXResourcesBuildPhase;
			buildActionMask = 2147483647;
			files = (
			);
			runOnlyForDeploymentPostprocessing = 0;
		};
/* End PBXResourcesBuildPhase section */

/* Begin PBXShellScriptBuildPhase section */
		03B0DDC4D9F7EF654463221E /* [CP] Check Pods Manifest.lock */ = {
			isa = PBXShellScriptBuildPhase;
			buildActionMask = 2147483647;
			files = (
			);
			inputFileListPaths = (
			);
			inputPaths = (
				"${PODS_PODFILE_DIR_PATH}/Podfile.lock",
				"${PODS_ROOT}/Manifest.lock",
			);
			name = "[CP] Check Pods Manifest.lock";
			outputFileListPaths = (
			);
			outputPaths = (
				"$(DERIVED_FILE_DIR)/Pods-EmojisTests-checkManifestLockResult.txt",
			);
			runOnlyForDeploymentPostprocessing = 0;
			shellPath = /bin/sh;
			shellScript = "diff \"${PODS_PODFILE_DIR_PATH}/Podfile.lock\" \"${PODS_ROOT}/Manifest.lock\" > /dev/null\nif [ $? != 0 ] ; then\n    # print error to STDERR\n    echo \"error: The sandbox is not in sync with the Podfile.lock. Run 'pod install' or update your CocoaPods installation.\" >&2\n    exit 1\nfi\n# This output is used by Xcode 'outputs' to avoid re-running this script phase.\necho \"SUCCESS\" > \"${SCRIPT_OUTPUT_FILE_0}\"\n";
			showEnvVarsInLog = 0;
		};
		0C030D4ADBF5F814E5F6A15C /* [CP] Check Pods Manifest.lock */ = {
			isa = PBXShellScriptBuildPhase;
			buildActionMask = 2147483647;
			files = (
			);
			inputFileListPaths = (
			);
			inputPaths = (
				"${PODS_PODFILE_DIR_PATH}/Podfile.lock",
				"${PODS_ROOT}/Manifest.lock",
			);
			name = "[CP] Check Pods Manifest.lock";
			outputFileListPaths = (
			);
			outputPaths = (
				"$(DERIVED_FILE_DIR)/Pods-Emojis-EmojisUITests-checkManifestLockResult.txt",
			);
			runOnlyForDeploymentPostprocessing = 0;
			shellPath = /bin/sh;
			shellScript = "diff \"${PODS_PODFILE_DIR_PATH}/Podfile.lock\" \"${PODS_ROOT}/Manifest.lock\" > /dev/null\nif [ $? != 0 ] ; then\n    # print error to STDERR\n    echo \"error: The sandbox is not in sync with the Podfile.lock. Run 'pod install' or update your CocoaPods installation.\" >&2\n    exit 1\nfi\n# This output is used by Xcode 'outputs' to avoid re-running this script phase.\necho \"SUCCESS\" > \"${SCRIPT_OUTPUT_FILE_0}\"\n";
			showEnvVarsInLog = 0;
		};
		F4E7F4EF4F22EFAC83C09B37 /* [CP] Check Pods Manifest.lock */ = {
			isa = PBXShellScriptBuildPhase;
			buildActionMask = 2147483647;
			files = (
			);
			inputFileListPaths = (
			);
			inputPaths = (
				"${PODS_PODFILE_DIR_PATH}/Podfile.lock",
				"${PODS_ROOT}/Manifest.lock",
			);
			name = "[CP] Check Pods Manifest.lock";
			outputFileListPaths = (
			);
			outputPaths = (
				"$(DERIVED_FILE_DIR)/Pods-Emojis-checkManifestLockResult.txt",
			);
			runOnlyForDeploymentPostprocessing = 0;
			shellPath = /bin/sh;
			shellScript = "diff \"${PODS_PODFILE_DIR_PATH}/Podfile.lock\" \"${PODS_ROOT}/Manifest.lock\" > /dev/null\nif [ $? != 0 ] ; then\n    # print error to STDERR\n    echo \"error: The sandbox is not in sync with the Podfile.lock. Run 'pod install' or update your CocoaPods installation.\" >&2\n    exit 1\nfi\n# This output is used by Xcode 'outputs' to avoid re-running this script phase.\necho \"SUCCESS\" > \"${SCRIPT_OUTPUT_FILE_0}\"\n";
			showEnvVarsInLog = 0;
		};
/* End PBXShellScriptBuildPhase section */

/* Begin PBXSourcesBuildPhase section */
		BE7C041328F741830094A24A /* Sources */ = {
			isa = PBXSourcesBuildPhase;
			buildActionMask = 2147483647;
			files = (
				BE7C045D28F74A640094A24A /* BaseCoordinator.swift in Sources */,
				BE7C0475292F14A90094A24A /* MainCoordinator.swift in Sources */,
				BE7C041F28F741830094A24A /* ViewController.swift in Sources */,
				BE7C041B28F741830094A24A /* AppDelegate.swift in Sources */,
				BE7C0465292D8E500094A24A /* DataSource.swift in Sources */,
				BE7C0468292D8EB50094A24A /* EmojisModel.swift in Sources */,
				BE7C042528F741830094A24A /* Emojis.xcdatamodeld in Sources */,
				BE7C046C292D9D3B0094A24A /* EmojisListService.swift in Sources */,
				BE7C049E2931B6590094A24A /* ReposViewController.swift in Sources */,
				BE7C047E292F15160094A24A /* MainViewController.swift in Sources */,
				BE7C048429303ED00094A24A /* RandomEmojViewController.swift in Sources */,
				BE7C0461292D8A0D0094A24A /* ListEmojisViewController.swift in Sources */,
				BE7C048E2931B0DA0094A24A /* AvatarListCoordinator.swift in Sources */,
				BE7C0463292D8B960094A24A /* RandomEmojCoordinator.swift in Sources */,
				BE7C048629303F170094A24A /* RandomViewModel.swift in Sources */,
				BE7C04902931B10A0094A24A /* AvatarListViewController.swift in Sources */,
				BE7C049C2931B6490094A24A /* ReposCoordinator.swift in Sources */,
				BE7C04A02931B6740094A24A /* ReposViewModel.swift in Sources */,
				BE7C04922931B1410094A24A /* AvatarListViewModel.swift in Sources */,
				BE7C046A292D93CB0094A24A /* Extensions.swift in Sources */,
				BE7C046E292D9EEE0094A24A /* EmojisListViewModel.swift in Sources */,
				BE7C045F292D88160094A24A /* ListEmojisCoordinator.swift in Sources */,
				BE7C048229303C340094A24A /* MainViewModel.swift in Sources */,
			);
			runOnlyForDeploymentPostprocessing = 0;
		};
		BE7C042C28F741860094A24A /* Sources */ = {
			isa = PBXSourcesBuildPhase;
			buildActionMask = 2147483647;
			files = (
				BE7C043528F741860094A24A /* EmojisTests.swift in Sources */,
			);
			runOnlyForDeploymentPostprocessing = 0;
		};
		BE7C043628F741860094A24A /* Sources */ = {
			isa = PBXSourcesBuildPhase;
			buildActionMask = 2147483647;
			files = (
				BE7C043F28F741860094A24A /* EmojisUITests.swift in Sources */,
				BE7C044128F741860094A24A /* EmojisUITestsLaunchTests.swift in Sources */,
			);
			runOnlyForDeploymentPostprocessing = 0;
		};
/* End PBXSourcesBuildPhase section */

/* Begin PBXTargetDependency section */
		BE7C043228F741860094A24A /* PBXTargetDependency */ = {
			isa = PBXTargetDependency;
			target = BE7C041628F741830094A24A /* Emojis */;
			targetProxy = BE7C043128F741860094A24A /* PBXContainerItemProxy */;
		};
		BE7C043C28F741860094A24A /* PBXTargetDependency */ = {
			isa = PBXTargetDependency;
			target = BE7C041628F741830094A24A /* Emojis */;
			targetProxy = BE7C043B28F741860094A24A /* PBXContainerItemProxy */;
		};
/* End PBXTargetDependency section */

/* Begin PBXVariantGroup section */
		BE7C042028F741830094A24A /* Main.storyboard */ = {
			isa = PBXVariantGroup;
			children = (
				BE7C042128F741830094A24A /* Base */,
			);
			name = Main.storyboard;
			sourceTree = "<group>";
		};
		BE7C042828F741860094A24A /* LaunchScreen.storyboard */ = {
			isa = PBXVariantGroup;
			children = (
				BE7C042928F741860094A24A /* Base */,
			);
			name = LaunchScreen.storyboard;
			sourceTree = "<group>";
		};
/* End PBXVariantGroup section */

/* Begin XCBuildConfiguration section */
		BE7C044228F741860094A24A /* Debug */ = {
			isa = XCBuildConfiguration;
			buildSettings = {
				ALWAYS_SEARCH_USER_PATHS = NO;
				CLANG_ANALYZER_NONNULL = YES;
				CLANG_ANALYZER_NUMBER_OBJECT_CONVERSION = YES_AGGRESSIVE;
				CLANG_CXX_LANGUAGE_STANDARD = "gnu++17";
				CLANG_ENABLE_MODULES = YES;
				CLANG_ENABLE_OBJC_ARC = YES;
				CLANG_ENABLE_OBJC_WEAK = YES;
				CLANG_WARN_BLOCK_CAPTURE_AUTORELEASING = YES;
				CLANG_WARN_BOOL_CONVERSION = YES;
				CLANG_WARN_COMMA = YES;
				CLANG_WARN_CONSTANT_CONVERSION = YES;
				CLANG_WARN_DEPRECATED_OBJC_IMPLEMENTATIONS = YES;
				CLANG_WARN_DIRECT_OBJC_ISA_USAGE = YES_ERROR;
				CLANG_WARN_DOCUMENTATION_COMMENTS = YES;
				CLANG_WARN_EMPTY_BODY = YES;
				CLANG_WARN_ENUM_CONVERSION = YES;
				CLANG_WARN_INFINITE_RECURSION = YES;
				CLANG_WARN_INT_CONVERSION = YES;
				CLANG_WARN_NON_LITERAL_NULL_CONVERSION = YES;
				CLANG_WARN_OBJC_IMPLICIT_RETAIN_SELF = YES;
				CLANG_WARN_OBJC_LITERAL_CONVERSION = YES;
				CLANG_WARN_OBJC_ROOT_CLASS = YES_ERROR;
				CLANG_WARN_QUOTED_INCLUDE_IN_FRAMEWORK_HEADER = YES;
				CLANG_WARN_RANGE_LOOP_ANALYSIS = YES;
				CLANG_WARN_STRICT_PROTOTYPES = YES;
				CLANG_WARN_SUSPICIOUS_MOVE = YES;
				CLANG_WARN_UNGUARDED_AVAILABILITY = YES_AGGRESSIVE;
				CLANG_WARN_UNREACHABLE_CODE = YES;
				CLANG_WARN__DUPLICATE_METHOD_MATCH = YES;
				COPY_PHASE_STRIP = NO;
				DEBUG_INFORMATION_FORMAT = dwarf;
				ENABLE_STRICT_OBJC_MSGSEND = YES;
				ENABLE_TESTABILITY = YES;
				GCC_C_LANGUAGE_STANDARD = gnu11;
				GCC_DYNAMIC_NO_PIC = NO;
				GCC_NO_COMMON_BLOCKS = YES;
				GCC_OPTIMIZATION_LEVEL = 0;
				GCC_PREPROCESSOR_DEFINITIONS = (
					"DEBUG=1",
					"$(inherited)",
				);
				GCC_WARN_64_TO_32_BIT_CONVERSION = YES;
				GCC_WARN_ABOUT_RETURN_TYPE = YES_ERROR;
				GCC_WARN_UNDECLARED_SELECTOR = YES;
				GCC_WARN_UNINITIALIZED_AUTOS = YES_AGGRESSIVE;
				GCC_WARN_UNUSED_FUNCTION = YES;
				GCC_WARN_UNUSED_VARIABLE = YES;
				IPHONEOS_DEPLOYMENT_TARGET = 15.5;
				MTL_ENABLE_DEBUG_INFO = INCLUDE_SOURCE;
				MTL_FAST_MATH = YES;
				ONLY_ACTIVE_ARCH = YES;
				SDKROOT = iphoneos;
				SWIFT_ACTIVE_COMPILATION_CONDITIONS = DEBUG;
				SWIFT_OPTIMIZATION_LEVEL = "-Onone";
			};
			name = Debug;
		};
		BE7C044328F741860094A24A /* Release */ = {
			isa = XCBuildConfiguration;
			buildSettings = {
				ALWAYS_SEARCH_USER_PATHS = NO;
				CLANG_ANALYZER_NONNULL = YES;
				CLANG_ANALYZER_NUMBER_OBJECT_CONVERSION = YES_AGGRESSIVE;
				CLANG_CXX_LANGUAGE_STANDARD = "gnu++17";
				CLANG_ENABLE_MODULES = YES;
				CLANG_ENABLE_OBJC_ARC = YES;
				CLANG_ENABLE_OBJC_WEAK = YES;
				CLANG_WARN_BLOCK_CAPTURE_AUTORELEASING = YES;
				CLANG_WARN_BOOL_CONVERSION = YES;
				CLANG_WARN_COMMA = YES;
				CLANG_WARN_CONSTANT_CONVERSION = YES;
				CLANG_WARN_DEPRECATED_OBJC_IMPLEMENTATIONS = YES;
				CLANG_WARN_DIRECT_OBJC_ISA_USAGE = YES_ERROR;
				CLANG_WARN_DOCUMENTATION_COMMENTS = YES;
				CLANG_WARN_EMPTY_BODY = YES;
				CLANG_WARN_ENUM_CONVERSION = YES;
				CLANG_WARN_INFINITE_RECURSION = YES;
				CLANG_WARN_INT_CONVERSION = YES;
				CLANG_WARN_NON_LITERAL_NULL_CONVERSION = YES;
				CLANG_WARN_OBJC_IMPLICIT_RETAIN_SELF = YES;
				CLANG_WARN_OBJC_LITERAL_CONVERSION = YES;
				CLANG_WARN_OBJC_ROOT_CLASS = YES_ERROR;
				CLANG_WARN_QUOTED_INCLUDE_IN_FRAMEWORK_HEADER = YES;
				CLANG_WARN_RANGE_LOOP_ANALYSIS = YES;
				CLANG_WARN_STRICT_PROTOTYPES = YES;
				CLANG_WARN_SUSPICIOUS_MOVE = YES;
				CLANG_WARN_UNGUARDED_AVAILABILITY = YES_AGGRESSIVE;
				CLANG_WARN_UNREACHABLE_CODE = YES;
				CLANG_WARN__DUPLICATE_METHOD_MATCH = YES;
				COPY_PHASE_STRIP = NO;
				DEBUG_INFORMATION_FORMAT = "dwarf-with-dsym";
				ENABLE_NS_ASSERTIONS = NO;
				ENABLE_STRICT_OBJC_MSGSEND = YES;
				GCC_C_LANGUAGE_STANDARD = gnu11;
				GCC_NO_COMMON_BLOCKS = YES;
				GCC_WARN_64_TO_32_BIT_CONVERSION = YES;
				GCC_WARN_ABOUT_RETURN_TYPE = YES_ERROR;
				GCC_WARN_UNDECLARED_SELECTOR = YES;
				GCC_WARN_UNINITIALIZED_AUTOS = YES_AGGRESSIVE;
				GCC_WARN_UNUSED_FUNCTION = YES;
				GCC_WARN_UNUSED_VARIABLE = YES;
				IPHONEOS_DEPLOYMENT_TARGET = 15.5;
				MTL_ENABLE_DEBUG_INFO = NO;
				MTL_FAST_MATH = YES;
				SDKROOT = iphoneos;
				SWIFT_COMPILATION_MODE = wholemodule;
				SWIFT_OPTIMIZATION_LEVEL = "-O";
				VALIDATE_PRODUCT = YES;
			};
			name = Release;
		};
		BE7C044528F741860094A24A /* Debug */ = {
			isa = XCBuildConfiguration;
			baseConfigurationReference = AE16B367B2A167E442E23FF4 /* Pods-Emojis.debug.xcconfig */;
			buildSettings = {
				ASSETCATALOG_COMPILER_APPICON_NAME = AppIcon;
				ASSETCATALOG_COMPILER_GLOBAL_ACCENT_COLOR_NAME = AccentColor;
				CODE_SIGN_STYLE = Automatic;
				CURRENT_PROJECT_VERSION = 1;
				GENERATE_INFOPLIST_FILE = YES;
				INFOPLIST_FILE = Emojis/Info.plist;
				INFOPLIST_KEY_UIApplicationSupportsIndirectInputEvents = YES;
				INFOPLIST_KEY_UILaunchStoryboardName = LaunchScreen;
				INFOPLIST_KEY_UIMainStoryboardFile = Main;
				INFOPLIST_KEY_UISupportedInterfaceOrientations_iPad = "UIInterfaceOrientationPortrait UIInterfaceOrientationPortraitUpsideDown UIInterfaceOrientationLandscapeLeft UIInterfaceOrientationLandscapeRight";
				INFOPLIST_KEY_UISupportedInterfaceOrientations_iPhone = "UIInterfaceOrientationPortrait UIInterfaceOrientationLandscapeLeft UIInterfaceOrientationLandscapeRight";
				LD_RUNPATH_SEARCH_PATHS = (
					"$(inherited)",
					"@executable_path/Frameworks",
				);
				MARKETING_VERSION = 1.0;
				PRODUCT_BUNDLE_IDENTIFIER = emojis.murilo.com.Emojis;
				PRODUCT_NAME = "$(TARGET_NAME)";
				SWIFT_EMIT_LOC_STRINGS = YES;
				SWIFT_VERSION = 5.0;
				TARGETED_DEVICE_FAMILY = "1,2";
			};
			name = Debug;
		};
		BE7C044628F741860094A24A /* Release */ = {
			isa = XCBuildConfiguration;
			baseConfigurationReference = 23A9942FE52D08189BEF45FA /* Pods-Emojis.release.xcconfig */;
			buildSettings = {
				ASSETCATALOG_COMPILER_APPICON_NAME = AppIcon;
				ASSETCATALOG_COMPILER_GLOBAL_ACCENT_COLOR_NAME = AccentColor;
				CODE_SIGN_STYLE = Automatic;
				CURRENT_PROJECT_VERSION = 1;
				GENERATE_INFOPLIST_FILE = YES;
				INFOPLIST_FILE = Emojis/Info.plist;
				INFOPLIST_KEY_UIApplicationSupportsIndirectInputEvents = YES;
				INFOPLIST_KEY_UILaunchStoryboardName = LaunchScreen;
				INFOPLIST_KEY_UIMainStoryboardFile = Main;
				INFOPLIST_KEY_UISupportedInterfaceOrientations_iPad = "UIInterfaceOrientationPortrait UIInterfaceOrientationPortraitUpsideDown UIInterfaceOrientationLandscapeLeft UIInterfaceOrientationLandscapeRight";
				INFOPLIST_KEY_UISupportedInterfaceOrientations_iPhone = "UIInterfaceOrientationPortrait UIInterfaceOrientationLandscapeLeft UIInterfaceOrientationLandscapeRight";
				LD_RUNPATH_SEARCH_PATHS = (
					"$(inherited)",
					"@executable_path/Frameworks",
				);
				MARKETING_VERSION = 1.0;
				PRODUCT_BUNDLE_IDENTIFIER = emojis.murilo.com.Emojis;
				PRODUCT_NAME = "$(TARGET_NAME)";
				SWIFT_EMIT_LOC_STRINGS = YES;
				SWIFT_VERSION = 5.0;
				TARGETED_DEVICE_FAMILY = "1,2";
			};
			name = Release;
		};
		BE7C044828F741860094A24A /* Debug */ = {
			isa = XCBuildConfiguration;
			baseConfigurationReference = B766594265A2335152627AD2 /* Pods-EmojisTests.debug.xcconfig */;
			buildSettings = {
				ALWAYS_EMBED_SWIFT_STANDARD_LIBRARIES = YES;
				BUNDLE_LOADER = "$(TEST_HOST)";
				CODE_SIGN_STYLE = Automatic;
				CURRENT_PROJECT_VERSION = 1;
				GENERATE_INFOPLIST_FILE = YES;
				IPHONEOS_DEPLOYMENT_TARGET = 15.5;
				MARKETING_VERSION = 1.0;
				PRODUCT_BUNDLE_IDENTIFIER = emojis.murilo.com.EmojisTests;
				PRODUCT_NAME = "$(TARGET_NAME)";
				SWIFT_EMIT_LOC_STRINGS = NO;
				SWIFT_VERSION = 5.0;
				TARGETED_DEVICE_FAMILY = "1,2";
				TEST_HOST = "$(BUILT_PRODUCTS_DIR)/Emojis.app/Emojis";
			};
			name = Debug;
		};
		BE7C044928F741860094A24A /* Release */ = {
			isa = XCBuildConfiguration;
			baseConfigurationReference = F6110BABBBA889411B0043B0 /* Pods-EmojisTests.release.xcconfig */;
			buildSettings = {
				ALWAYS_EMBED_SWIFT_STANDARD_LIBRARIES = YES;
				BUNDLE_LOADER = "$(TEST_HOST)";
				CODE_SIGN_STYLE = Automatic;
				CURRENT_PROJECT_VERSION = 1;
				GENERATE_INFOPLIST_FILE = YES;
				IPHONEOS_DEPLOYMENT_TARGET = 15.5;
				MARKETING_VERSION = 1.0;
				PRODUCT_BUNDLE_IDENTIFIER = emojis.murilo.com.EmojisTests;
				PRODUCT_NAME = "$(TARGET_NAME)";
				SWIFT_EMIT_LOC_STRINGS = NO;
				SWIFT_VERSION = 5.0;
				TARGETED_DEVICE_FAMILY = "1,2";
				TEST_HOST = "$(BUILT_PRODUCTS_DIR)/Emojis.app/Emojis";
			};
			name = Release;
		};
		BE7C044B28F741860094A24A /* Debug */ = {
			isa = XCBuildConfiguration;
			baseConfigurationReference = 030707E18BBC30580AAEA77E /* Pods-Emojis-EmojisUITests.debug.xcconfig */;
			buildSettings = {
				ALWAYS_EMBED_SWIFT_STANDARD_LIBRARIES = YES;
				CODE_SIGN_STYLE = Automatic;
				CURRENT_PROJECT_VERSION = 1;
				GENERATE_INFOPLIST_FILE = YES;
				MARKETING_VERSION = 1.0;
				PRODUCT_BUNDLE_IDENTIFIER = emojis.murilo.com.EmojisUITests;
				PRODUCT_NAME = "$(TARGET_NAME)";
				SWIFT_EMIT_LOC_STRINGS = NO;
				SWIFT_VERSION = 5.0;
				TARGETED_DEVICE_FAMILY = "1,2";
				TEST_TARGET_NAME = Emojis;
			};
			name = Debug;
		};
		BE7C044C28F741860094A24A /* Release */ = {
			isa = XCBuildConfiguration;
			baseConfigurationReference = 87E62F2F36B8DF8070ECC16E /* Pods-Emojis-EmojisUITests.release.xcconfig */;
			buildSettings = {
				ALWAYS_EMBED_SWIFT_STANDARD_LIBRARIES = YES;
				CODE_SIGN_STYLE = Automatic;
				CURRENT_PROJECT_VERSION = 1;
				GENERATE_INFOPLIST_FILE = YES;
				MARKETING_VERSION = 1.0;
				PRODUCT_BUNDLE_IDENTIFIER = emojis.murilo.com.EmojisUITests;
				PRODUCT_NAME = "$(TARGET_NAME)";
				SWIFT_EMIT_LOC_STRINGS = NO;
				SWIFT_VERSION = 5.0;
				TARGETED_DEVICE_FAMILY = "1,2";
				TEST_TARGET_NAME = Emojis;
			};
			name = Release;
		};
/* End XCBuildConfiguration section */

/* Begin XCConfigurationList section */
		BE7C041228F741830094A24A /* Build configuration list for PBXProject "Emojis" */ = {
			isa = XCConfigurationList;
			buildConfigurations = (
				BE7C044228F741860094A24A /* Debug */,
				BE7C044328F741860094A24A /* Release */,
			);
			defaultConfigurationIsVisible = 0;
			defaultConfigurationName = Release;
		};
		BE7C044428F741860094A24A /* Build configuration list for PBXNativeTarget "Emojis" */ = {
			isa = XCConfigurationList;
			buildConfigurations = (
				BE7C044528F741860094A24A /* Debug */,
				BE7C044628F741860094A24A /* Release */,
			);
			defaultConfigurationIsVisible = 0;
			defaultConfigurationName = Release;
		};
		BE7C044728F741860094A24A /* Build configuration list for PBXNativeTarget "EmojisTests" */ = {
			isa = XCConfigurationList;
			buildConfigurations = (
				BE7C044828F741860094A24A /* Debug */,
				BE7C044928F741860094A24A /* Release */,
			);
			defaultConfigurationIsVisible = 0;
			defaultConfigurationName = Release;
		};
		BE7C044A28F741860094A24A /* Build configuration list for PBXNativeTarget "EmojisUITests" */ = {
			isa = XCConfigurationList;
			buildConfigurations = (
				BE7C044B28F741860094A24A /* Debug */,
				BE7C044C28F741860094A24A /* Release */,
			);
			defaultConfigurationIsVisible = 0;
			defaultConfigurationName = Release;
		};
/* End XCConfigurationList section */

/* Begin XCVersionGroup section */
		BE7C042328F741830094A24A /* Emojis.xcdatamodeld */ = {
			isa = XCVersionGroup;
			children = (
				BE7C042428F741830094A24A /* Emojis.xcdatamodel */,
			);
			currentVersion = BE7C042428F741830094A24A /* Emojis.xcdatamodel */;
			path = Emojis.xcdatamodeld;
			sourceTree = "<group>";
			versionGroupType = wrapper.xcdatamodel;
		};
/* End XCVersionGroup section */
	};
	rootObject = BE7C040F28F741830094A24A /* Project object */;
}
